// !$*UTF8*$!
{
	archiveVersion = 1;
	classes = {
	};
	objectVersion = 50;
	objects = {

/* Begin PBXBuildFile section */
		D75B830C234B4B5E00378C7D /* AppDelegate.swift in Sources */ = {isa = PBXBuildFile; fileRef = D75B830B234B4B5E00378C7D /* AppDelegate.swift */; };
		D75B830E234B4B5E00378C7D /* SceneDelegate.swift in Sources */ = {isa = PBXBuildFile; fileRef = D75B830D234B4B5E00378C7D /* SceneDelegate.swift */; };
		D75B8310234B4B5E00378C7D /* MapViewController.swift in Sources */ = {isa = PBXBuildFile; fileRef = D75B830F234B4B5E00378C7D /* MapViewController.swift */; };
		D75B8313234B4B5E00378C7D /* Main.storyboard in Resources */ = {isa = PBXBuildFile; fileRef = D75B8311234B4B5E00378C7D /* Main.storyboard */; };
		D75B8315234B4B5F00378C7D /* Assets.xcassets in Resources */ = {isa = PBXBuildFile; fileRef = D75B8314234B4B5F00378C7D /* Assets.xcassets */; };
		D75B8318234B4B5F00378C7D /* LaunchScreen.storyboard in Resources */ = {isa = PBXBuildFile; fileRef = D75B8316234B4B5F00378C7D /* LaunchScreen.storyboard */; };
		D75B8321234B5D0200378C7D /* CoreLocation.framework in Frameworks */ = {isa = PBXBuildFile; fileRef = D75B8320234B5D0200378C7D /* CoreLocation.framework */; };
/* End PBXBuildFile section */

/* Begin PBXFileReference section */
		D75B8308234B4B5E00378C7D /* Maps.app */ = {isa = PBXFileReference; explicitFileType = wrapper.application; includeInIndex = 0; path = Maps.app; sourceTree = BUILT_PRODUCTS_DIR; };
		D75B830B234B4B5E00378C7D /* AppDelegate.swift */ = {isa = PBXFileReference; lastKnownFileType = sourcecode.swift; path = AppDelegate.swift; sourceTree = "<group>"; };
		D75B830D234B4B5E00378C7D /* SceneDelegate.swift */ = {isa = PBXFileReference; lastKnownFileType = sourcecode.swift; path = SceneDelegate.swift; sourceTree = "<group>"; };
		D75B830F234B4B5E00378C7D /* MapViewController.swift */ = {isa = PBXFileReference; lastKnownFileType = sourcecode.swift; path = MapViewController.swift; sourceTree = "<group>"; };
		D75B8312234B4B5E00378C7D /* Base */ = {isa = PBXFileReference; lastKnownFileType = file.storyboard; name = Base; path = Base.lproj/Main.storyboard; sourceTree = "<group>"; };
		D75B8314234B4B5F00378C7D /* Assets.xcassets */ = {isa = PBXFileReference; lastKnownFileType = folder.assetcatalog; path = Assets.xcassets; sourceTree = "<group>"; };
		D75B8317234B4B5F00378C7D /* Base */ = {isa = PBXFileReference; lastKnownFileType = file.storyboard; name = Base; path = Base.lproj/LaunchScreen.storyboard; sourceTree = "<group>"; };
		D75B8319234B4B5F00378C7D /* Info.plist */ = {isa = PBXFileReference; lastKnownFileType = text.plist.xml; path = Info.plist; sourceTree = "<group>"; };
		D75B8320234B5D0200378C7D /* CoreLocation.framework */ = {isa = PBXFileReference; lastKnownFileType = wrapper.framework; name = CoreLocation.framework; path = System/Library/Frameworks/CoreLocation.framework; sourceTree = SDKROOT; };
/* End PBXFileReference section */

/* Begin PBXFrameworksBuildPhase section */
		D75B8305234B4B5E00378C7D /* Frameworks */ = {
			isa = PBXFrameworksBuildPhase;
			buildActionMask = 2147483647;
			files = (
				D75B8321234B5D0200378C7D /* CoreLocation.framework in Frameworks */,
			);
			runOnlyForDeploymentPostprocessing = 0;
		};
/* End PBXFrameworksBuildPhase section */

/* Begin PBXGroup section */
		D75B82FF234B4B5E00378C7D = {
			isa = PBXGroup;
			children = (
				D75B830A234B4B5E00378C7D /* Maps */,
				D75B8309234B4B5E00378C7D /* Products */,
				D75B831F234B5D0200378C7D /* Frameworks */,
			);
			sourceTree = "<group>";
		};
		D75B8309234B4B5E00378C7D /* Products */ = {
			isa = PBXGroup;
			children = (
				D75B8308234B4B5E00378C7D /* Maps.app */,
			);
			name = Products;
			sourceTree = "<group>";
		};
		D75B830A234B4B5E00378C7D /* Maps */ = {
			isa = PBXGroup;
			children = (
				D7B55E6523CD56A800170E81 /* Controller */,
				D7B55E6423CD56A000170E81 /* Model */,
				D7B55E6323CD569600170E81 /* View */,
				D75B830B234B4B5E00378C7D /* AppDelegate.swift */,
				D75B830D234B4B5E00378C7D /* SceneDelegate.swift */,
				D75B8319234B4B5F00378C7D /* Info.plist */,
			);
			path = Maps;
			sourceTree = "<group>";
		};
		D75B831F234B5D0200378C7D /* Frameworks */ = {
			isa = PBXGroup;
			children = (
				D75B8320234B5D0200378C7D /* CoreLocation.framework */,
			);
			name = Frameworks;
			sourceTree = "<group>";
		};
		D7B55E6323CD569600170E81 /* View */ = {
			isa = PBXGroup;
			children = (
				D75B8311234B4B5E00378C7D /* Main.storyboard */,
				D75B8316234B4B5F00378C7D /* LaunchScreen.storyboard */,
			);
			name = View;
			sourceTree = "<group>";
		};
		D7B55E6423CD56A000170E81 /* Model */ = {
			isa = PBXGroup;
			children = (
				D75B8314234B4B5F00378C7D /* Assets.xcassets */,
			);
			name = Model;
			sourceTree = "<group>";
		};
		D7B55E6523CD56A800170E81 /* Controller */ = {
			isa = PBXGroup;
			children = (
				D75B830F234B4B5E00378C7D /* MapViewController.swift */,
			);
			name = Controller;
			sourceTree = "<group>";
		};
/* End PBXGroup section */

/* Begin PBXNativeTarget section */
		D75B8307234B4B5E00378C7D /* Maps */ = {
			isa = PBXNativeTarget;
			buildConfigurationList = D75B831C234B4B5F00378C7D /* Build configuration list for PBXNativeTarget "Maps" */;
			buildPhases = (
				D75B8304234B4B5E00378C7D /* Sources */,
				D75B8305234B4B5E00378C7D /* Frameworks */,
				D75B8306234B4B5E00378C7D /* Resources */,
			);
			buildRules = (
			);
			dependencies = (
			);
			name = Maps;
			productName = Maps;
			productReference = D75B8308234B4B5E00378C7D /* Maps.app */;
			productType = "com.apple.product-type.application";
		};
/* End PBXNativeTarget section */

/* Begin PBXProject section */
		D75B8300234B4B5E00378C7D /* Project object */ = {
			isa = PBXProject;
			attributes = {
				LastSwiftUpdateCheck = 1100;
				LastUpgradeCheck = 1100;
				ORGANIZATIONNAME = AcademyMistic;
				TargetAttributes = {
					D75B8307234B4B5E00378C7D = {
						CreatedOnToolsVersion = 11.0;
					};
				};
			};
			buildConfigurationList = D75B8303234B4B5E00378C7D /* Build configuration list for PBXProject "Maps" */;
			compatibilityVersion = "Xcode 9.3";
			developmentRegion = en;
			hasScannedForEncodings = 0;
			knownRegions = (
				en,
				Base,
			);
			mainGroup = D75B82FF234B4B5E00378C7D;
			productRefGroup = D75B8309234B4B5E00378C7D /* Products */;
			projectDirPath = "";
			projectRoot = "";
			targets = (
				D75B8307234B4B5E00378C7D /* Maps */,
			);
		};
/* End PBXProject section */

/* Begin PBXResourcesBuildPhase section */
		D75B8306234B4B5E00378C7D /* Resources */ = {
			isa = PBXResourcesBuildPhase;
			buildActionMask = 2147483647;
			files = (
				D75B8318234B4B5F00378C7D /* LaunchScreen.storyboard in Resources */,
				D75B8315234B4B5F00378C7D /* Assets.xcassets in Resources */,
				D75B8313234B4B5E00378C7D /* Main.storyboard in Resources */,
			);
			runOnlyForDeploymentPostprocessing = 0;
		};
/* End PBXResourcesBuildPhase section */

/* Begin PBXSourcesBuildPhase section */
		D75B8304234B4B5E00378C7D /* Sources */ = {
			isa = PBXSourcesBuildPhase;
			buildActionMask = 2147483647;
			files = (
				D75B8310234B4B5E00378C7D /* MapViewController.swift in Sources */,
				D75B830C234B4B5E00378C7D /* AppDelegate.swift in Sources */,
				D75B830E234B4B5E00378C7D /* SceneDelegate.swift in Sources */,
			);
			runOnlyForDeploymentPostprocessing = 0;
		};
/* End PBXSourcesBuildPhase section */

/* Begin PBXVariantGroup section */
		D75B8311234B4B5E00378C7D /* Main.storyboard */ = {
			isa = PBXVariantGroup;
			children = (
				D75B8312234B4B5E00378C7D /* Base */,
			);
			name = Main.storyboard;
			sourceTree = "<group>";
		};
		D75B8316234B4B5F00378C7D /* LaunchScreen.storyboard */ = {
			isa = PBXVariantGroup;
			children = (
				D75B8317234B4B5F00378C7D /* Base */,
			);
			name = LaunchScreen.storyboard;
			sourceTree = "<group>";
		};
/* End PBXVariantGroup section */

/* Begin XCBuildConfiguration section */
		D75B831A234B4B5F00378C7D /* Debug */ = {
			isa = XCBuildConfiguration;
			buildSettings = {
				ALWAYS_SEARCH_USER_PATHS = NO;
				CLANG_ANALYZER_NONNULL = YES;
				CLANG_ANALYZER_NUMBER_OBJECT_CONVERSION = YES_AGGRESSIVE;
				CLANG_CXX_LANGUAGE_STANDARD = "gnu++14";
				CLANG_CXX_LIBRARY = "libc++";
				CLANG_ENABLE_MODULES = YES;
				CLANG_ENABLE_OBJC_ARC = YES;
				CLANG_ENABLE_OBJC_WEAK = YES;
				CLANG_WARN_BLOCK_CAPTURE_AUTORELEASING = YES;
				CLANG_WARN_BOOL_CONVERSION = YES;
				CLANG_WARN_COMMA = YES;
				CLANG_WARN_CONSTANT_CONVERSION = YES;
				CLANG_WARN_DEPRECATED_OBJC_IMPLEMENTATIONS = YES;
				CLANG_WARN_DIRECT_OBJC_ISA_USAGE = YES_ERROR;
				CLANG_WARN_DOCUMENTATION_COMMENTS = YES;
				CLANG_WARN_EMPTY_BODY = YES;
				CLANG_WARN_ENUM_CONVERSION = YES;
				CLANG_WARN_INFINITE_RECURSION = YES;
				CLANG_WARN_INT_CONVERSION = YES;
				CLANG_WARN_NON_LITERAL_NULL_CONVERSION = YES;
				CLANG_WARN_OBJC_IMPLICIT_RETAIN_SELF = YES;
				CLANG_WARN_OBJC_LITERAL_CONVERSION = YES;
				CLANG_WARN_OBJC_ROOT_CLASS = YES_ERROR;
				CLANG_WARN_RANGE_LOOP_ANALYSIS = YES;
				CLANG_WARN_STRICT_PROTOTYPES = YES;
				CLANG_WARN_SUSPICIOUS_MOVE = YES;
				CLANG_WARN_UNGUARDED_AVAILABILITY = YES_AGGRESSIVE;
				CLANG_WARN_UNREACHABLE_CODE = YES;
				CLANG_WARN__DUPLICATE_METHOD_MATCH = YES;
				COPY_PHASE_STRIP = NO;
				DEBUG_INFORMATION_FORMAT = dwarf;
				ENABLE_STRICT_OBJC_MSGSEND = YES;
				ENABLE_TESTABILITY = YES;
				GCC_C_LANGUAGE_STANDARD = gnu11;
				GCC_DYNAMIC_NO_PIC = NO;
				GCC_NO_COMMON_BLOCKS = YES;
				GCC_OPTIMIZATION_LEVEL = 0;
				GCC_PREPROCESSOR_DEFINITIONS = (
					"DEBUG=1",
					"$(inherited)",
				);
				GCC_WARN_64_TO_32_BIT_CONVERSION = YES;
				GCC_WARN_ABOUT_RETURN_TYPE = YES_ERROR;
				GCC_WARN_UNDECLARED_SELECTOR = YES;
				GCC_WARN_UNINITIALIZED_AUTOS = YES_AGGRESSIVE;
				GCC_WARN_UNUSED_FUNCTION = YES;
				GCC_WARN_UNUSED_VARIABLE = YES;
				IPHONEOS_DEPLOYMENT_TARGET = 13.0;
				MTL_ENABLE_DEBUG_INFO = INCLUDE_SOURCE;
				MTL_FAST_MATH = YES;
				ONLY_ACTIVE_ARCH = YES;
				SDKROOT = iphoneos;
				SWIFT_ACTIVE_COMPILATION_CONDITIONS = DEBUG;
				SWIFT_OPTIMIZATION_LEVEL = "-Onone";
			};
			name = Debug;
		};
		D75B831B234B4B5F00378C7D /* Release */ = {
			isa = XCBuildConfiguration;
			buildSettings = {
				ALWAYS_SEARCH_USER_PATHS = NO;
				CLANG_ANALYZER_NONNULL = YES;
				CLANG_ANALYZER_NUMBER_OBJECT_CONVERSION = YES_AGGRESSIVE;
				CLANG_CXX_LANGUAGE_STANDARD = "gnu++14";
				CLANG_CXX_LIBRARY = "libc++";
				CLANG_ENABLE_MODULES = YES;
				CLANG_ENABLE_OBJC_ARC = YES;
				CLANG_ENABLE_OBJC_WEAK = YES;
				CLANG_WARN_BLOCK_CAPTURE_AUTORELEASING = YES;
				CLANG_WARN_BOOL_CONVERSION = YES;
				CLANG_WARN_COMMA = YES;
				CLANG_WARN_CONSTANT_CONVERSION = YES;
				CLANG_WARN_DEPRECATED_OBJC_IMPLEMENTATIONS = YES;
				CLANG_WARN_DIRECT_OBJC_ISA_USAGE = YES_ERROR;
				CLANG_WARN_DOCUMENTATION_COMMENTS = YES;
				CLANG_WARN_EMPTY_BODY = YES;
				CLANG_WARN_ENUM_CONVERSION = YES;
				CLANG_WARN_INFINITE_RECURSION = YES;
				CLANG_WARN_INT_CONVERSION = YES;
				CLANG_WARN_NON_LITERAL_NULL_CONVERSION = YES;
				CLANG_WARN_OBJC_IMPLICIT_RETAIN_SELF = YES;
				CLANG_WARN_OBJC_LITERAL_CONVERSION = YES;
				CLANG_WARN_OBJC_ROOT_CLASS = YES_ERROR;
				CLANG_WARN_RANGE_LOOP_ANALYSIS = YES;
				CLANG_WARN_STRICT_PROTOTYPES = YES;
				CLANG_WARN_SUSPICIOUS_MOVE = YES;
				CLANG_WARN_UNGUARDED_AVAILABILITY = YES_AGGRESSIVE;
				CLANG_WARN_UNREACHABLE_CODE = YES;
				CLANG_WARN__DUPLICATE_METHOD_MATCH = YES;
				COPY_PHASE_STRIP = NO;
				DEBUG_INFORMATION_FORMAT = "dwarf-with-dsym";
				ENABLE_NS_ASSERTIONS = NO;
				ENABLE_STRICT_OBJC_MSGSEND = YES;
				GCC_C_LANGUAGE_STANDARD = gnu11;
				GCC_NO_COMMON_BLOCKS = YES;
				GCC_WARN_64_TO_32_BIT_CONVERSION = YES;
				GCC_WARN_ABOUT_RETURN_TYPE = YES_ERROR;
				GCC_WARN_UNDECLARED_SELECTOR = YES;
				GCC_WARN_UNINITIALIZED_AUTOS = YES_AGGRESSIVE;
				GCC_WARN_UNUSED_FUNCTION = YES;
				GCC_WARN_UNUSED_VARIABLE = YES;
				IPHONEOS_DEPLOYMENT_TARGET = 13.0;
				MTL_ENABLE_DEBUG_INFO = NO;
				MTL_FAST_MATH = YES;
				SDKROOT = iphoneos;
				SWIFT_COMPILATION_MODE = wholemodule;
				SWIFT_OPTIMIZATION_LEVEL = "-O";
				VALIDATE_PRODUCT = YES;
			};
			name = Release;
		};
		D75B831D234B4B5F00378C7D /* Debug */ = {
			isa = XCBuildConfiguration;
			buildSettings = {
				ASSETCATALOG_COMPILER_APPICON_NAME = AppIcon;
				CODE_SIGN_STYLE = Automatic;
				DEVELOPMENT_TEAM = PQG7HAF33B;
				INFOPLIST_FILE = Maps/Info.plist;
				LD_RUNPATH_SEARCH_PATHS = (
					"$(inherited)",
					"@executable_path/Frameworks",
				);
				PRODUCT_BUNDLE_IDENTIFIER = com.academymistic.Maps;
				PRODUCT_NAME = "$(TARGET_NAME)";
				SWIFT_VERSION = 5.0;
				TARGETED_DEVICE_FAMILY = "1,2";
			};
			name = Debug;
		};
		D75B831E234B4B5F00378C7D /* Release */ = {
			isa = XCBuildConfiguration;
			buildSettings = {
				ASSETCATALOG_COMPILER_APPICON_NAME = AppIcon;
				CODE_SIGN_STYLE = Automatic;
				DEVELOPMENT_TEAM = PQG7HAF33B;
				INFOPLIST_FILE = Maps/Info.plist;
				LD_RUNPATH_SEARCH_PATHS = (
					"$(inherited)",
					"@executable_path/Frameworks",
				);
				PRODUCT_BUNDLE_IDENTIFIER = com.academymistic.Maps;
				PRODUCT_NAME = "$(TARGET_NAME)";
				SWIFT_VERSION = 5.0;
				TARGETED_DEVICE_FAMILY = "1,2";
			};
			name = Release;
		};
/* End XCBuildConfiguration section */

/* Begin XCConfigurationList section */
		D75B8303234B4B5E00378C7D /* Build configuration list for PBXProject "Maps" */ = {
			isa = XCConfigurationList;
			buildConfigurations = (
				D75B831A234B4B5F00378C7D /* Debug */,
				D75B831B234B4B5F00378C7D /* Release */,
			);
			defaultConfigurationIsVisible = 0;
			defaultConfigurationName = Release;
		};
		D75B831C234B4B5F00378C7D /* Build configuration list for PBXNativeTarget "Maps" */ = {
			isa = XCConfigurationList;
			buildConfigurations = (
				D75B831D234B4B5F00378C7D /* Debug */,
				D75B831E234B4B5F00378C7D /* Release */,
			);
			defaultConfigurationIsVisible = 0;
			defaultConfigurationName = Release;
		};
/* End XCConfigurationList section */
	};
	rootObject = D75B8300234B4B5E00378C7D /* Project object */;
}
